
Microsoft Visual Studio Solution File, Format Version 12.00
# Visual Studio 15
VisualStudioVersion = 15.0.28010.2003
MinimumVisualStudioVersion = 10.0.40219.1
Project("{9A19103F-16F7-4668-BE54-9A1E7A4F7556}") = "HelloWorld", "HelloWorld\HelloWorld.csproj", "{5FAC0405-87C4-421A-883E-18AF88CEFFFA}"
EndProject
Project("{9A19103F-16F7-4668-BE54-9A1E7A4F7556}") = "TwoPersonTango", "ConsoleApp2\TwoPersonTango.csproj", "{A5DB5C6D-6323-40DE-931B-21990273EFD3}"
EndProject
Project("{9A19103F-16F7-4668-BE54-9A1E7A4F7556}") = "ConsoleApp3", "ConsoleApp3\ConsoleApp3.csproj", "{1A534F28-56A2-4244-A68C-71F67170E133}"
EndProject
Global
	GlobalSection(SolutionConfigurationPlatforms) = preSolution
		Debug|Any CPU = Debug|Any CPU
		Release|Any CPU = Release|Any CPU
	EndGlobalSection
	GlobalSection(ProjectConfigurationPlatforms) = postSolution
		{5FAC0405-87C4-421A-883E-18AF88CEFFFA}.Debug|Any CPU.ActiveCfg = Debug|Any CPU
		{5FAC0405-87C4-421A-883E-18AF88CEFFFA}.Debug|Any CPU.Build.0 = Debug|Any CPU
		{5FAC0405-87C4-421A-883E-18AF88CEFFFA}.Release|Any CPU.ActiveCfg = Release|Any CPU
		{5FAC0405-87C4-421A-883E-18AF88CEFFFA}.Release|Any CPU.Build.0 = Release|Any CPU
		{A5DB5C6D-6323-40DE-931B-21990273EFD3}.Debug|Any CPU.ActiveCfg = Debug|Any CPU
		{A5DB5C6D-6323-40DE-931B-21990273EFD3}.Debug|Any CPU.Build.0 = Debug|Any CPU
		{A5DB5C6D-6323-40DE-931B-21990273EFD3}.Release|Any CPU.ActiveCfg = Release|Any CPU
		{A5DB5C6D-6323-40DE-931B-21990273EFD3}.Release|Any CPU.Build.0 = Release|Any CPU
		{1A534F28-56A2-4244-A68C-71F67170E133}.Debug|Any CPU.ActiveCfg = Debug|Any CPU
		{1A534F28-56A2-4244-A68C-71F67170E133}.Debug|Any CPU.Build.0 = Debug|Any CPU
		{1A534F28-56A2-4244-A68C-71F67170E133}.Release|Any CPU.ActiveCfg = Release|Any CPU
		{1A534F28-56A2-4244-A68C-71F67170E133}.Release|Any CPU.Build.0 = Release|Any CPU
	EndGlobalSection
	GlobalSection(SolutionProperties) = preSolution
		HideSolutionNode = FALSE
	EndGlobalSection
	GlobalSection(ExtensibilityGlobals) = postSolution
		SolutionGuid = {10F96907-D894-422F-8C82-0CCC17F04B0B}
	EndGlobalSection
EndGlobal
